Microsoft Visual Studio Solution File, Format Version 12.00
# Visual Studio Version 17
VisualStudioVersion = 17.5.2.0
MinimumVisualStudioVersion = 10.0.40219.1
Project("{FAE04EC0-301F-11D3-BF4B-00C04F79EFBC}") = "prayer", "prayer.csproj", "{3A384238-34B2-A98C-2D54-F447A5C49511}"
EndProject
Global
	GlobalSection(SolutionConfigurationPlatforms) = preSolution
		Debug|Any CPU = Debug|Any CPU
		Release|Any CPU = Release|Any CPU
	EndGlobalSection
	GlobalSection(ProjectConfigurationPlatforms) = postSolution
		{3A384238-34B2-A98C-2D54-F447A5C49511}.Debug|Any CPU.ActiveCfg = Debug|Any CPU
		{3A384238-34B2-A98C-2D54-F447A5C49511}.Debug|Any CPU.Build.0 = Debug|Any CPU
		{3A384238-34B2-A98C-2D54-F447A5C49511}.Release|Any CPU.ActiveCfg = Release|Any CPU
		{3A384238-34B2-A98C-2D54-F447A5C49511}.Release|Any CPU.Build.0 = Release|Any CPU
	EndGlobalSection
	GlobalSection(SolutionProperties) = preSolution
		HideSolutionNode = FALSE
	EndGlobalSection
	GlobalSection(ExtensibilityGlobals) = postSolution
		SolutionGuid = {2FF4F05E-FD26-4830-9B72-80519C373E28}
	EndGlobalSection
EndGlobal
